
Microsoft Visual Studio Solution File, Format Version 12.00
# Visual Studio Version 17
VisualStudioVersion = 17.14.37111.16 d17.14
MinimumVisualStudioVersion = 10.0.40219.1
Project("{FAE04EC0-301F-11D3-BF4B-00C04F79EFBC}") = "chinesebing", "chinesebing.csproj", "{D3A2A8F0-67DB-45F7-BDDB-D794FBE2C940}"
EndProject
Global
	GlobalSection(SolutionConfigurationPlatforms) = preSolution
		Debug|Any CPU = Debug|Any CPU
		Release|Any CPU = Release|Any CPU
	EndGlobalSection
	GlobalSection(ProjectConfigurationPlatforms) = postSolution
		{D3A2A8F0-67DB-45F7-BDDB-D794FBE2C940}.Debug|Any CPU.ActiveCfg = Debug|Any CPU
		{D3A2A8F0-67DB-45F7-BDDB-D794FBE2C940}.Debug|Any CPU.Build.0 = Debug|Any CPU
		{D3A2A8F0-67DB-45F7-BDDB-D794FBE2C940}.Release|Any CPU.ActiveCfg = Release|Any CPU
		{D3A2A8F0-67DB-45F7-BDDB-D794FBE2C940}.Release|Any CPU.Build.0 = Release|Any CPU
	EndGlobalSection
	GlobalSection(SolutionProperties) = preSolution
		HideSolutionNode = FALSE
	EndGlobalSection
	GlobalSection(ExtensibilityGlobals) = postSolution
		SolutionGuid = {A8E0B366-9CDA-4677-9B97-23234F945570}
	EndGlobalSection
EndGlobal
